
Microsoft Visual Studio Solution File, Format Version 12.00
# Visual Studio 2015
Project("{FAE04EC0-301F-11D3-BF4B-00C04F79EFBC}") = "Podstawy-Gier-Komputerowych", "Podstawy-Gier-Komputerowych.csproj", "{E2E6E4AF-41D5-9591-D9A0-1A8B57481FBC}"
EndProject
Project("{FAE04EC0-301F-11D3-BF4B-00C04F79EFBC}") = "Podstawy-Gier-Komputerowych.Editor", "Podstawy-Gier-Komputerowych.Editor.csproj", "{67301504-5547-717C-261C-4BD5B6A3AE20}"
EndProject
Global
	GlobalSection(SolutionConfigurationPlatforms) = preSolution
		Debug|Any CPU = Debug|Any CPU
		Release|Any CPU = Release|Any CPU
	EndGlobalSection
	GlobalSection(ProjectConfigurationPlatforms) = postSolution
		{E2E6E4AF-41D5-9591-D9A0-1A8B57481FBC}.Debug|Any CPU.ActiveCfg = Debug|Any CPU
		{E2E6E4AF-41D5-9591-D9A0-1A8B57481FBC}.Debug|Any CPU.Build.0 = Debug|Any CPU
		{E2E6E4AF-41D5-9591-D9A0-1A8B57481FBC}.Release|Any CPU.ActiveCfg = Release|Any CPU
		{E2E6E4AF-41D5-9591-D9A0-1A8B57481FBC}.Release|Any CPU.Build.0 = Release|Any CPU
		{67301504-5547-717C-261C-4BD5B6A3AE20}.Debug|Any CPU.ActiveCfg = Debug|Any CPU
		{67301504-5547-717C-261C-4BD5B6A3AE20}.Debug|Any CPU.Build.0 = Debug|Any CPU
		{67301504-5547-717C-261C-4BD5B6A3AE20}.Release|Any CPU.ActiveCfg = Release|Any CPU
		{67301504-5547-717C-261C-4BD5B6A3AE20}.Release|Any CPU.Build.0 = Release|Any CPU
	EndGlobalSection
	GlobalSection(SolutionProperties) = preSolution
		HideSolutionNode = FALSE
	EndGlobalSection
EndGlobal
