
Microsoft Visual Studio Solution File, Format Version 12.00
# Visual Studio 2015
Project("{FAE04EC0-301F-11D3-BF4B-00C04F79EFBC}") = "Podstawy-Gier-Komputerowych.CSharp", "Podstawy-Gier-Komputerowych.CSharp.csproj", "{07E4978C-7BAF-4691-C7C6-17E74841F862}"
EndProject
Project("{FAE04EC0-301F-11D3-BF4B-00C04F79EFBC}") = "Podstawy-Gier-Komputerowych.CSharp.Editor", "Podstawy-Gier-Komputerowych.CSharp.Editor.csproj", "{118C5BD8-8E3A-01F2-AE4E-9E26CF38A55F}"
EndProject
Global
	GlobalSection(SolutionConfigurationPlatforms) = preSolution
		Debug|Any CPU = Debug|Any CPU
		Release|Any CPU = Release|Any CPU
	EndGlobalSection
	GlobalSection(ProjectConfigurationPlatforms) = postSolution
		{07E4978C-7BAF-4691-C7C6-17E74841F862}.Debug|Any CPU.ActiveCfg = Debug|Any CPU
		{07E4978C-7BAF-4691-C7C6-17E74841F862}.Debug|Any CPU.Build.0 = Debug|Any CPU
		{07E4978C-7BAF-4691-C7C6-17E74841F862}.Release|Any CPU.ActiveCfg = Release|Any CPU
		{07E4978C-7BAF-4691-C7C6-17E74841F862}.Release|Any CPU.Build.0 = Release|Any CPU
		{118C5BD8-8E3A-01F2-AE4E-9E26CF38A55F}.Debug|Any CPU.ActiveCfg = Debug|Any CPU
		{118C5BD8-8E3A-01F2-AE4E-9E26CF38A55F}.Debug|Any CPU.Build.0 = Debug|Any CPU
		{118C5BD8-8E3A-01F2-AE4E-9E26CF38A55F}.Release|Any CPU.ActiveCfg = Release|Any CPU
		{118C5BD8-8E3A-01F2-AE4E-9E26CF38A55F}.Release|Any CPU.Build.0 = Release|Any CPU
	EndGlobalSection
	GlobalSection(SolutionProperties) = preSolution
		HideSolutionNode = FALSE
	EndGlobalSection
EndGlobal
